# This file is automatically @generated by Cargo.
# It is not intended for manual editing.
version = 4

[[package]]
name = "meditor-ai"
version = "0.1.0"

[[package]]
name = "meditor-browser"
version = "0.1.0"

[[package]]
name = "meditor-cli"
version = "0.1.0"
dependencies = [
 "meditor-ai",
 "meditor-code-security",
 "meditor-compiler-debugger",
 "meditor-core",
 "meditor-cvss-repository",
 "meditor-deployment-docs",
 "meditor-installation-metrics",
 "meditor-local-bug-repository",
 "meditor-packaging",
 "meditor-platform",
 "meditor-project-workspace",
 "meditor-sdlc",
 "meditor-setup",
 "meditor-shell",
 "meditor-toolchains",
 "meditor-uml-modeling",
 "meditor-workbench",
]

[[package]]
name = "meditor-code-security"
version = "0.1.0"
dependencies = [
 "meditor-cvss-repository",
]

[[package]]
name = "meditor-compiler-debugger"
version = "0.1.0"
dependencies = [
 "meditor-ai",
 "meditor-local-bug-repository",
]

[[package]]
name = "meditor-core"
version = "0.1.0"

[[package]]
name = "meditor-cvss-repository"
version = "0.1.0"

[[package]]
name = "meditor-db-workbench"
version = "0.1.0"

[[package]]
name = "meditor-dependencies"
version = "0.1.0"

[[package]]
name = "meditor-deployment-docs"
version = "0.1.0"

[[package]]
name = "meditor-editor"
version = "0.1.0"

[[package]]
name = "meditor-file-explorer"
version = "0.1.0"

[[package]]
name = "meditor-installation-metrics"
version = "0.1.0"
dependencies = [
 "meditor-core",
]

[[package]]
name = "meditor-local-bug-repository"
version = "0.1.0"

[[package]]
name = "meditor-packaging"
version = "0.1.0"
dependencies = [
 "meditor-platform",
]

[[package]]
name = "meditor-platform"
version = "0.1.0"

[[package]]
name = "meditor-plugins"
version = "0.1.0"

[[package]]
name = "meditor-project-importers"
version = "0.1.0"

[[package]]
name = "meditor-project-workspace"
version = "0.1.0"
dependencies = [
 "meditor-packaging",
 "meditor-platform",
]

[[package]]
name = "meditor-reference-features"
version = "0.1.0"

[[package]]
name = "meditor-sdlc"
version = "0.1.0"
dependencies = [
 "meditor-toolchains",
]

[[package]]
name = "meditor-setup"
version = "0.1.0"
dependencies = [
 "meditor-cvss-repository",
 "meditor-toolchains",
]

[[package]]
name = "meditor-shell"
version = "0.1.0"
dependencies = [
 "meditor-core",
]

[[package]]
name = "meditor-ssh-terminus"
version = "0.1.0"

[[package]]
name = "meditor-tests"
version = "0.1.0"

[[package]]
name = "meditor-toolchains"
version = "0.1.0"

[[package]]
name = "meditor-uml-modeling"
version = "0.1.0"

[[package]]
name = "meditor-vcs"
version = "0.1.0"

[[package]]
name = "meditor-workbench"
version = "0.1.0"
dependencies = [
 "meditor-ai",
 "meditor-browser",
 "meditor-code-security",
 "meditor-compiler-debugger",
 "meditor-cvss-repository",
 "meditor-db-workbench",
 "meditor-dependencies",
 "meditor-deployment-docs",
 "meditor-editor",
 "meditor-file-explorer",
 "meditor-installation-metrics",
 "meditor-local-bug-repository",
 "meditor-packaging",
 "meditor-plugins",
 "meditor-project-importers",
 "meditor-project-workspace",
 "meditor-reference-features",
 "meditor-sdlc",
 "meditor-setup",
 "meditor-shell",
 "meditor-ssh-terminus",
 "meditor-tests",
 "meditor-toolchains",
 "meditor-uml-modeling",
 "meditor-vcs",
]
